# This file is automatically @generated by Cargo.
# It is not intended for manual editing.
version = 3

[[package]]
name = "drm-core"
version = "1.0.0"

[[package]]
name = "drm-exec"
version = "1.0.0"
dependencies = [
 "drm-core",
]

[[package]]
name = "drmd"
version = "1.0.0"
dependencies = [
 "drm-core",
 "drm-exec",
]
